
Microsoft Visual Studio Solution File, Format Version 12.00
Project("{FAE04EC0-301F-11D3-BF4B-00C04F79EFBC}") = "First", "First\First.csproj", "{B488D366-2516-46F2-93BD-BFE12B721FAC}"
EndProject
Project("{FAE04EC0-301F-11D3-BF4B-00C04F79EFBC}") = "Second", "Second\Second.csproj", "{ADF3427A-5513-412B-804B-27537E1AD326}"
EndProject
Project("{FAE04EC0-301F-11D3-BF4B-00C04F79EFBC}") = "Joined", "Joined\Joined.csproj", "{AD64E804-293F-4D1F-93FD-45056189636D}"
EndProject
Global
	GlobalSection(SolutionConfigurationPlatforms) = preSolution
		Debug|Any CPU = Debug|Any CPU
		Release|Any CPU = Release|Any CPU
	EndGlobalSection
	GlobalSection(ProjectConfigurationPlatforms) = postSolution
		{B488D366-2516-46F2-93BD-BFE12B721FAC}.Debug|Any CPU.ActiveCfg = Debug|Any CPU
		{B488D366-2516-46F2-93BD-BFE12B721FAC}.Debug|Any CPU.Build.0 = Debug|Any CPU
		{B488D366-2516-46F2-93BD-BFE12B721FAC}.Release|Any CPU.ActiveCfg = Release|Any CPU
		{B488D366-2516-46F2-93BD-BFE12B721FAC}.Release|Any CPU.Build.0 = Release|Any CPU
		{ADF3427A-5513-412B-804B-27537E1AD326}.Debug|Any CPU.ActiveCfg = Debug|Any CPU
		{ADF3427A-5513-412B-804B-27537E1AD326}.Debug|Any CPU.Build.0 = Debug|Any CPU
		{ADF3427A-5513-412B-804B-27537E1AD326}.Release|Any CPU.ActiveCfg = Release|Any CPU
		{ADF3427A-5513-412B-804B-27537E1AD326}.Release|Any CPU.Build.0 = Release|Any CPU
		{AD64E804-293F-4D1F-93FD-45056189636D}.Debug|Any CPU.ActiveCfg = Debug|Any CPU
		{AD64E804-293F-4D1F-93FD-45056189636D}.Debug|Any CPU.Build.0 = Debug|Any CPU
		{AD64E804-293F-4D1F-93FD-45056189636D}.Release|Any CPU.ActiveCfg = Release|Any CPU
		{AD64E804-293F-4D1F-93FD-45056189636D}.Release|Any CPU.Build.0 = Release|Any CPU
	EndGlobalSection
EndGlobal
